# This file is generated by running "yarn install" inside your project.
# Manual changes might be lost - proceed with caution!

__metadata:
  version: 4

"api@^1.0.0, api@workspace:packages/api":
  version: 0.0.0-use.local
  resolution: "api@workspace:packages/api"
  languageName: unknown
  linkType: soft

"design-system@^1.0.0, design-system@workspace:packages/design-system":
  version: 0.0.0-use.local
  resolution: "design-system@workspace:packages/design-system"
  languageName: unknown
  linkType: soft

"virtually-leaving@workspace:.":
  version: 0.0.0-use.local
  resolution: "virtually-leaving@workspace:."
  languageName: unknown
  linkType: soft

"web-app@workspace:packages/web-app":
  version: 0.0.0-use.local
  resolution: "web-app@workspace:packages/web-app"
  dependencies:
    api: ^1.0.0
    design-system: ^1.0.0
  languageName: unknown
  linkType: soft
